
Microsoft Visual Studio Solution File, Format Version 12.00
# Visual Studio Version 17
VisualStudioVersion = 17.0.31903.59
MinimumVisualStudioVersion = 10.0.40219.1
Project("{FAE04EC0-301F-11D3-BF4B-00C04F79EFBC}") = "ServicoAgenda", "ServicoAgenda\ServicoAgenda.csproj", "{D0521630-3E25-456B-B0B7-68B7DF12BEB6}"
EndProject
Project("{FAE04EC0-301F-11D3-BF4B-00C04F79EFBC}") = "ServicoAgenda.Tests", "ServicoAgenda.Tests\ServicoAgenda.Tests.csproj", "{068D575D-F488-49B8-895B-B3354198037C}"
EndProject
Global
	GlobalSection(SolutionConfigurationPlatforms) = preSolution
		Debug|Any CPU = Debug|Any CPU
		Release|Any CPU = Release|Any CPU
	EndGlobalSection
	GlobalSection(SolutionProperties) = preSolution
		HideSolutionNode = FALSE
	EndGlobalSection
	GlobalSection(ProjectConfigurationPlatforms) = postSolution
		{D0521630-3E25-456B-B0B7-68B7DF12BEB6}.Debug|Any CPU.ActiveCfg = Debug|Any CPU
		{D0521630-3E25-456B-B0B7-68B7DF12BEB6}.Debug|Any CPU.Build.0 = Debug|Any CPU
		{D0521630-3E25-456B-B0B7-68B7DF12BEB6}.Release|Any CPU.ActiveCfg = Release|Any CPU
		{D0521630-3E25-456B-B0B7-68B7DF12BEB6}.Release|Any CPU.Build.0 = Release|Any CPU
		{068D575D-F488-49B8-895B-B3354198037C}.Debug|Any CPU.ActiveCfg = Debug|Any CPU
		{068D575D-F488-49B8-895B-B3354198037C}.Debug|Any CPU.Build.0 = Debug|Any CPU
		{068D575D-F488-49B8-895B-B3354198037C}.Release|Any CPU.ActiveCfg = Release|Any CPU
		{068D575D-F488-49B8-895B-B3354198037C}.Release|Any CPU.Build.0 = Release|Any CPU
	EndGlobalSection
EndGlobal
