
Microsoft Visual Studio Solution File, Format Version 12.00
# Visual Studio Version 17
VisualStudioVersion = 17.5.002.0
MinimumVisualStudioVersion = 10.0.40219.1
Project("{9A19103F-16F7-4668-BE54-9A1E7A4F7556}") = "CommandsService", "CommandsService.csproj", "{4AE8E916-B935-4C0C-BBBF-596B8A5ECD55}"
EndProject
Global
	GlobalSection(SolutionConfigurationPlatforms) = preSolution
		Debug|Any CPU = Debug|Any CPU
		Release|Any CPU = Release|Any CPU
	EndGlobalSection
	GlobalSection(ProjectConfigurationPlatforms) = postSolution
		{4AE8E916-B935-4C0C-BBBF-596B8A5ECD55}.Debug|Any CPU.ActiveCfg = Debug|Any CPU
		{4AE8E916-B935-4C0C-BBBF-596B8A5ECD55}.Debug|Any CPU.Build.0 = Debug|Any CPU
		{4AE8E916-B935-4C0C-BBBF-596B8A5ECD55}.Release|Any CPU.ActiveCfg = Release|Any CPU
		{4AE8E916-B935-4C0C-BBBF-596B8A5ECD55}.Release|Any CPU.Build.0 = Release|Any CPU
	EndGlobalSection
	GlobalSection(SolutionProperties) = preSolution
		HideSolutionNode = FALSE
	EndGlobalSection
	GlobalSection(ExtensibilityGlobals) = postSolution
		SolutionGuid = {15384D5D-3C1C-430A-B10D-08246545245D}
	EndGlobalSection
EndGlobal
